[
  {
    "source": "libexec/bootstrap/classroom.ps1",
    "series": [
      {
        "directive": "... src bootstrap\n",
        "insertion": {
          "before": 474,
          "after": 213,
          "signature": "    [IO.Path]::GetFileNameWithoutExtension($Script:MyInvocation.MyCommand.Name)\n",
          "digest": "2609bc5aef18f979dfdc47a1e1e2b826cbb6172b6b73374e93a3b6b4d6e33e42"
        }
      }
    ]
  },
  {
    "source": "lib/classroom.ps1",
    "series": [
      {
        "directive": "... src classroom\n",
        "insertion": {
          "before": 5,
          "after": 15,
          "signature": "    Kernel       = @{ Source = 'FID_LXSS_KERNEL'; Target = 'C:\\Windows\\System32\\lxss\\tools\\kernel' }\n",
          "digest": "ecf0eed08dc4b0af514f38b216e274fa934e19b421ebff89ff133d39f9fc350b"
        }
      }
    ]
  },
  {
    "source": "lib/functions.ps1",
    "series": [
      {
        "directive": "... src functions\n",
        "insertion": {
          "before": 624,
          "after": 478,
          "signature": "# Adapted from https://gist.github.com/yoav-lavi/1253321d968db7f52d1a77ac48e3ff96\n",
          "digest": "64da4d451b3c77972e9933d5c8c8eab0ced940f0a91347328ce725632af23d07"
        }
      }
    ]
  }
]
