[
  {
    "source": "libexec/bootstrap/classroom.ps1",
    "series": [
      {
        "directive": "... src bootstrap\n",
        "insertion": {
          "before": 603,
          "after": 75,
          "signature": "    [void]([System.Reflection.Assembly]::LoadWithPartialName(\"System.Drawing\"))\n",
          "digest": "e96e26742fa51b553c2863caa216d946cd9221e820072f322447b53649fc729b"
        }
      }
    ]
  },
  {
    "source": "lib/classroom.ps1",
    "series": [
      {
        "directive": "... src classroom\n",
        "insertion": {
          "before": 5,
          "after": 15,
          "signature": "    Kernel       = @{ Source = 'FID_LXSS_KERNEL'; Target = 'C:\\Windows\\System32\\lxss\\tools\\kernel' }\n",
          "digest": "ecf0eed08dc4b0af514f38b216e274fa934e19b421ebff89ff133d39f9fc350b"
        }
      }
    ]
  },
  {
    "source": "lib/functions.ps1",
    "series": [
      {
        "directive": "... src functions\n",
        "insertion": {
          "before": 626,
          "after": 470,
          "signature": "# Adapted from https://gist.github.com/yoav-lavi/1253321d968db7f52d1a77ac48e3ff96\n",
          "digest": "3c2e436a4b8dac02de9fe314b5255df36f52ebf3e669bf1a773abf328a8d1f19"
        }
      }
    ]
  }
]
